
Microsoft Visual Studio Solution File, Format Version 12.00
# Visual Studio Version 17
VisualStudioVersion = 17.11.35327.3
MinimumVisualStudioVersion = 10.0.40219.1
Project("{9A19103F-16F7-4668-BE54-9A1E7A4F7556}") = "BasicMath", "BasicMath.csproj", "{5296EB42-7189-4435-9B9B-E8364E6FBDF9}"
EndProject
Project("{FAE04EC0-301F-11D3-BF4B-00C04F79EFBC}") = "BasicMathTest", "..\BasicMathTest\BasicMathTest.csproj", "{B8CC9648-B777-47B0-AD31-BD03EFA6CDC0}"
EndProject
Global
	GlobalSection(SolutionConfigurationPlatforms) = preSolution
		Debug|Any CPU = Debug|Any CPU
		Release|Any CPU = Release|Any CPU
	EndGlobalSection
	GlobalSection(ProjectConfigurationPlatforms) = postSolution
		{5296EB42-7189-4435-9B9B-E8364E6FBDF9}.Debug|Any CPU.ActiveCfg = Debug|Any CPU
		{5296EB42-7189-4435-9B9B-E8364E6FBDF9}.Debug|Any CPU.Build.0 = Debug|Any CPU
		{5296EB42-7189-4435-9B9B-E8364E6FBDF9}.Release|Any CPU.ActiveCfg = Release|Any CPU
		{5296EB42-7189-4435-9B9B-E8364E6FBDF9}.Release|Any CPU.Build.0 = Release|Any CPU
		{B8CC9648-B777-47B0-AD31-BD03EFA6CDC0}.Debug|Any CPU.ActiveCfg = Debug|Any CPU
		{B8CC9648-B777-47B0-AD31-BD03EFA6CDC0}.Debug|Any CPU.Build.0 = Debug|Any CPU
		{B8CC9648-B777-47B0-AD31-BD03EFA6CDC0}.Release|Any CPU.ActiveCfg = Release|Any CPU
		{B8CC9648-B777-47B0-AD31-BD03EFA6CDC0}.Release|Any CPU.Build.0 = Release|Any CPU
	EndGlobalSection
	GlobalSection(SolutionProperties) = preSolution
		HideSolutionNode = FALSE
	EndGlobalSection
	GlobalSection(ExtensibilityGlobals) = postSolution
		SolutionGuid = {BCBD8484-99C1-4619-9078-3AACA34A7C51}
	EndGlobalSection
EndGlobal
